// !$*UTF8*$!
{
	archiveVersion = 1;
	classes = {
	};
	objectVersion = 50;
	objects = {

/* Begin PBXBuildFile section */
		E2C473C823D77111002A7268 /* AppDelegate.swift in Sources */ = {isa = PBXBuildFile; fileRef = E2C473C723D77111002A7268 /* AppDelegate.swift */; };
		E2C473CA23D77111002A7268 /* SceneDelegate.swift in Sources */ = {isa = PBXBuildFile; fileRef = E2C473C923D77111002A7268 /* SceneDelegate.swift */; };
		E2C473CF23D77111002A7268 /* Main.storyboard in Resources */ = {isa = PBXBuildFile; fileRef = E2C473CD23D77111002A7268 /* Main.storyboard */; };
		E2C473D123D77113002A7268 /* Assets.xcassets in Resources */ = {isa = PBXBuildFile; fileRef = E2C473D023D77113002A7268 /* Assets.xcassets */; };
		E2C473D423D77113002A7268 /* LaunchScreen.storyboard in Resources */ = {isa = PBXBuildFile; fileRef = E2C473D223D77113002A7268 /* LaunchScreen.storyboard */; };
		E2C473DE23D777AA002A7268 /* GameViewController.swift in Sources */ = {isa = PBXBuildFile; fileRef = E2C473DD23D777AA002A7268 /* GameViewController.swift */; };
		E2C473E123D77A4A002A7268 /* SceneView.swift in Sources */ = {isa = PBXBuildFile; fileRef = E2C473E023D77A4A002A7268 /* SceneView.swift */; };
		E2C473E323D77A75002A7268 /* Ball.swift in Sources */ = {isa = PBXBuildFile; fileRef = E2C473E223D77A75002A7268 /* Ball.swift */; };
		E2C473E523D78635002A7268 /* Group.swift in Sources */ = {isa = PBXBuildFile; fileRef = E2C473E423D78635002A7268 /* Group.swift */; };
/* End PBXBuildFile section */

/* Begin PBXFileReference section */
		E2C473C423D77111002A7268 /* Colorful.app */ = {isa = PBXFileReference; explicitFileType = wrapper.application; includeInIndex = 0; path = Colorful.app; sourceTree = BUILT_PRODUCTS_DIR; };
		E2C473C723D77111002A7268 /* AppDelegate.swift */ = {isa = PBXFileReference; lastKnownFileType = sourcecode.swift; path = AppDelegate.swift; sourceTree = "<group>"; };
		E2C473C923D77111002A7268 /* SceneDelegate.swift */ = {isa = PBXFileReference; lastKnownFileType = sourcecode.swift; path = SceneDelegate.swift; sourceTree = "<group>"; };
		E2C473CE23D77111002A7268 /* Base */ = {isa = PBXFileReference; lastKnownFileType = file.storyboard; name = Base; path = Base.lproj/Main.storyboard; sourceTree = "<group>"; };
		E2C473D023D77113002A7268 /* Assets.xcassets */ = {isa = PBXFileReference; lastKnownFileType = folder.assetcatalog; path = Assets.xcassets; sourceTree = "<group>"; };
		E2C473D323D77113002A7268 /* Base */ = {isa = PBXFileReference; lastKnownFileType = file.storyboard; name = Base; path = Base.lproj/LaunchScreen.storyboard; sourceTree = "<group>"; };
		E2C473D523D77113002A7268 /* Info.plist */ = {isa = PBXFileReference; lastKnownFileType = text.plist.xml; path = Info.plist; sourceTree = "<group>"; };
		E2C473DD23D777AA002A7268 /* GameViewController.swift */ = {isa = PBXFileReference; lastKnownFileType = sourcecode.swift; path = GameViewController.swift; sourceTree = "<group>"; };
		E2C473E023D77A4A002A7268 /* SceneView.swift */ = {isa = PBXFileReference; lastKnownFileType = sourcecode.swift; path = SceneView.swift; sourceTree = "<group>"; };
		E2C473E223D77A75002A7268 /* Ball.swift */ = {isa = PBXFileReference; lastKnownFileType = sourcecode.swift; path = Ball.swift; sourceTree = "<group>"; };
		E2C473E423D78635002A7268 /* Group.swift */ = {isa = PBXFileReference; lastKnownFileType = sourcecode.swift; path = Group.swift; sourceTree = "<group>"; };
/* End PBXFileReference section */

/* Begin PBXFrameworksBuildPhase section */
		E2C473C123D77111002A7268 /* Frameworks */ = {
			isa = PBXFrameworksBuildPhase;
			buildActionMask = 2147483647;
			files = (
			);
			runOnlyForDeploymentPostprocessing = 0;
		};
/* End PBXFrameworksBuildPhase section */

/* Begin PBXGroup section */
		E2C473BB23D77111002A7268 = {
			isa = PBXGroup;
			children = (
				E2C473C623D77111002A7268 /* Colorful */,
				E2C473C523D77111002A7268 /* Products */,
			);
			sourceTree = "<group>";
		};
		E2C473C523D77111002A7268 /* Products */ = {
			isa = PBXGroup;
			children = (
				E2C473C423D77111002A7268 /* Colorful.app */,
			);
			name = Products;
			sourceTree = "<group>";
		};
		E2C473C623D77111002A7268 /* Colorful */ = {
			isa = PBXGroup;
			children = (
				E2C473DF23D777C8002A7268 /* Assets */,
				E2C473DC23D77719002A7268 /* Stuff */,
				E2C473CD23D77111002A7268 /* Main.storyboard */,
				E2C473DD23D777AA002A7268 /* GameViewController.swift */,
				E2C473E023D77A4A002A7268 /* SceneView.swift */,
				E2C473E223D77A75002A7268 /* Ball.swift */,
				E2C473E423D78635002A7268 /* Group.swift */,
			);
			path = Colorful;
			sourceTree = "<group>";
		};
		E2C473DC23D77719002A7268 /* Stuff */ = {
			isa = PBXGroup;
			children = (
				E2C473C923D77111002A7268 /* SceneDelegate.swift */,
				E2C473D523D77113002A7268 /* Info.plist */,
				E2C473C723D77111002A7268 /* AppDelegate.swift */,
				E2C473D223D77113002A7268 /* LaunchScreen.storyboard */,
			);
			path = Stuff;
			sourceTree = "<group>";
		};
		E2C473DF23D777C8002A7268 /* Assets */ = {
			isa = PBXGroup;
			children = (
				E2C473D023D77113002A7268 /* Assets.xcassets */,
			);
			path = Assets;
			sourceTree = "<group>";
		};
/* End PBXGroup section */

/* Begin PBXNativeTarget section */
		E2C473C323D77111002A7268 /* Colorful */ = {
			isa = PBXNativeTarget;
			buildConfigurationList = E2C473D823D77113002A7268 /* Build configuration list for PBXNativeTarget "Colorful" */;
			buildPhases = (
				E2C473C023D77111002A7268 /* Sources */,
				E2C473C123D77111002A7268 /* Frameworks */,
				E2C473C223D77111002A7268 /* Resources */,
			);
			buildRules = (
			);
			dependencies = (
			);
			name = Colorful;
			productName = Colorful;
			productReference = E2C473C423D77111002A7268 /* Colorful.app */;
			productType = "com.apple.product-type.application";
		};
/* End PBXNativeTarget section */

/* Begin PBXProject section */
		E2C473BC23D77111002A7268 /* Project object */ = {
			isa = PBXProject;
			attributes = {
				LastSwiftUpdateCheck = 1130;
				LastUpgradeCheck = 1130;
				ORGANIZATIONNAME = "Kaz Born";
				TargetAttributes = {
					E2C473C323D77111002A7268 = {
						CreatedOnToolsVersion = 11.3.1;
					};
				};
			};
			buildConfigurationList = E2C473BF23D77111002A7268 /* Build configuration list for PBXProject "Colorful" */;
			compatibilityVersion = "Xcode 9.3";
			developmentRegion = en;
			hasScannedForEncodings = 0;
			knownRegions = (
				en,
				Base,
			);
			mainGroup = E2C473BB23D77111002A7268;
			productRefGroup = E2C473C523D77111002A7268 /* Products */;
			projectDirPath = "";
			projectRoot = "";
			targets = (
				E2C473C323D77111002A7268 /* Colorful */,
			);
		};
/* End PBXProject section */

/* Begin PBXResourcesBuildPhase section */
		E2C473C223D77111002A7268 /* Resources */ = {
			isa = PBXResourcesBuildPhase;
			buildActionMask = 2147483647;
			files = (
				E2C473D423D77113002A7268 /* LaunchScreen.storyboard in Resources */,
				E2C473D123D77113002A7268 /* Assets.xcassets in Resources */,
				E2C473CF23D77111002A7268 /* Main.storyboard in Resources */,
			);
			runOnlyForDeploymentPostprocessing = 0;
		};
/* End PBXResourcesBuildPhase section */

/* Begin PBXSourcesBuildPhase section */
		E2C473C023D77111002A7268 /* Sources */ = {
			isa = PBXSourcesBuildPhase;
			buildActionMask = 2147483647;
			files = (
				E2C473DE23D777AA002A7268 /* GameViewController.swift in Sources */,
				E2C473C823D77111002A7268 /* AppDelegate.swift in Sources */,
				E2C473E323D77A75002A7268 /* Ball.swift in Sources */,
				E2C473E523D78635002A7268 /* Group.swift in Sources */,
				E2C473CA23D77111002A7268 /* SceneDelegate.swift in Sources */,
				E2C473E123D77A4A002A7268 /* SceneView.swift in Sources */,
			);
			runOnlyForDeploymentPostprocessing = 0;
		};
/* End PBXSourcesBuildPhase section */

/* Begin PBXVariantGroup section */
		E2C473CD23D77111002A7268 /* Main.storyboard */ = {
			isa = PBXVariantGroup;
			children = (
				E2C473CE23D77111002A7268 /* Base */,
			);
			name = Main.storyboard;
			sourceTree = "<group>";
		};
		E2C473D223D77113002A7268 /* LaunchScreen.storyboard */ = {
			isa = PBXVariantGroup;
			children = (
				E2C473D323D77113002A7268 /* Base */,
			);
			name = LaunchScreen.storyboard;
			sourceTree = "<group>";
		};
/* End PBXVariantGroup section */

/* Begin XCBuildConfiguration section */
		E2C473D623D77113002A7268 /* Debug */ = {
			isa = XCBuildConfiguration;
			buildSettings = {
				ALWAYS_SEARCH_USER_PATHS = NO;
				CLANG_ANALYZER_NONNULL = YES;
				CLANG_ANALYZER_NUMBER_OBJECT_CONVERSION = YES_AGGRESSIVE;
				CLANG_CXX_LANGUAGE_STANDARD = "gnu++14";
				CLANG_CXX_LIBRARY = "libc++";
				CLANG_ENABLE_MODULES = YES;
				CLANG_ENABLE_OBJC_ARC = YES;
				CLANG_ENABLE_OBJC_WEAK = YES;
				CLANG_WARN_BLOCK_CAPTURE_AUTORELEASING = YES;
				CLANG_WARN_BOOL_CONVERSION = YES;
				CLANG_WARN_COMMA = YES;
				CLANG_WARN_CONSTANT_CONVERSION = YES;
				CLANG_WARN_DEPRECATED_OBJC_IMPLEMENTATIONS = YES;
				CLANG_WARN_DIRECT_OBJC_ISA_USAGE = YES_ERROR;
				CLANG_WARN_DOCUMENTATION_COMMENTS = YES;
				CLANG_WARN_EMPTY_BODY = YES;
				CLANG_WARN_ENUM_CONVERSION = YES;
				CLANG_WARN_INFINITE_RECURSION = YES;
				CLANG_WARN_INT_CONVERSION = YES;
				CLANG_WARN_NON_LITERAL_NULL_CONVERSION = YES;
				CLANG_WARN_OBJC_IMPLICIT_RETAIN_SELF = YES;
				CLANG_WARN_OBJC_LITERAL_CONVERSION = YES;
				CLANG_WARN_OBJC_ROOT_CLASS = YES_ERROR;
				CLANG_WARN_RANGE_LOOP_ANALYSIS = YES;
				CLANG_WARN_STRICT_PROTOTYPES = YES;
				CLANG_WARN_SUSPICIOUS_MOVE = YES;
				CLANG_WARN_UNGUARDED_AVAILABILITY = YES_AGGRESSIVE;
				CLANG_WARN_UNREACHABLE_CODE = YES;
				CLANG_WARN__DUPLICATE_METHOD_MATCH = YES;
				COPY_PHASE_STRIP = NO;
				DEBUG_INFORMATION_FORMAT = dwarf;
				ENABLE_STRICT_OBJC_MSGSEND = YES;
				ENABLE_TESTABILITY = YES;
				GCC_C_LANGUAGE_STANDARD = gnu11;
				GCC_DYNAMIC_NO_PIC = NO;
				GCC_NO_COMMON_BLOCKS = YES;
				GCC_OPTIMIZATION_LEVEL = 0;
				GCC_PREPROCESSOR_DEFINITIONS = (
					"DEBUG=1",
					"$(inherited)",
				);
				GCC_WARN_64_TO_32_BIT_CONVERSION = YES;
				GCC_WARN_ABOUT_RETURN_TYPE = YES_ERROR;
				GCC_WARN_UNDECLARED_SELECTOR = YES;
				GCC_WARN_UNINITIALIZED_AUTOS = YES_AGGRESSIVE;
				GCC_WARN_UNUSED_FUNCTION = YES;
				GCC_WARN_UNUSED_VARIABLE = YES;
				IPHONEOS_DEPLOYMENT_TARGET = 13.2;
				MTL_ENABLE_DEBUG_INFO = INCLUDE_SOURCE;
				MTL_FAST_MATH = YES;
				ONLY_ACTIVE_ARCH = YES;
				SDKROOT = iphoneos;
				SWIFT_ACTIVE_COMPILATION_CONDITIONS = DEBUG;
				SWIFT_OPTIMIZATION_LEVEL = "-Onone";
			};
			name = Debug;
		};
		E2C473D723D77113002A7268 /* Release */ = {
			isa = XCBuildConfiguration;
			buildSettings = {
				ALWAYS_SEARCH_USER_PATHS = NO;
				CLANG_ANALYZER_NONNULL = YES;
				CLANG_ANALYZER_NUMBER_OBJECT_CONVERSION = YES_AGGRESSIVE;
				CLANG_CXX_LANGUAGE_STANDARD = "gnu++14";
				CLANG_CXX_LIBRARY = "libc++";
				CLANG_ENABLE_MODULES = YES;
				CLANG_ENABLE_OBJC_ARC = YES;
				CLANG_ENABLE_OBJC_WEAK = YES;
				CLANG_WARN_BLOCK_CAPTURE_AUTORELEASING = YES;
				CLANG_WARN_BOOL_CONVERSION = YES;
				CLANG_WARN_COMMA = YES;
				CLANG_WARN_CONSTANT_CONVERSION = YES;
				CLANG_WARN_DEPRECATED_OBJC_IMPLEMENTATIONS = YES;
				CLANG_WARN_DIRECT_OBJC_ISA_USAGE = YES_ERROR;
				CLANG_WARN_DOCUMENTATION_COMMENTS = YES;
				CLANG_WARN_EMPTY_BODY = YES;
				CLANG_WARN_ENUM_CONVERSION = YES;
				CLANG_WARN_INFINITE_RECURSION = YES;
				CLANG_WARN_INT_CONVERSION = YES;
				CLANG_WARN_NON_LITERAL_NULL_CONVERSION = YES;
				CLANG_WARN_OBJC_IMPLICIT_RETAIN_SELF = YES;
				CLANG_WARN_OBJC_LITERAL_CONVERSION = YES;
				CLANG_WARN_OBJC_ROOT_CLASS = YES_ERROR;
				CLANG_WARN_RANGE_LOOP_ANALYSIS = YES;
				CLANG_WARN_STRICT_PROTOTYPES = YES;
				CLANG_WARN_SUSPICIOUS_MOVE = YES;
				CLANG_WARN_UNGUARDED_AVAILABILITY = YES_AGGRESSIVE;
				CLANG_WARN_UNREACHABLE_CODE = YES;
				CLANG_WARN__DUPLICATE_METHOD_MATCH = YES;
				COPY_PHASE_STRIP = NO;
				DEBUG_INFORMATION_FORMAT = "dwarf-with-dsym";
				ENABLE_NS_ASSERTIONS = NO;
				ENABLE_STRICT_OBJC_MSGSEND = YES;
				GCC_C_LANGUAGE_STANDARD = gnu11;
				GCC_NO_COMMON_BLOCKS = YES;
				GCC_WARN_64_TO_32_BIT_CONVERSION = YES;
				GCC_WARN_ABOUT_RETURN_TYPE = YES_ERROR;
				GCC_WARN_UNDECLARED_SELECTOR = YES;
				GCC_WARN_UNINITIALIZED_AUTOS = YES_AGGRESSIVE;
				GCC_WARN_UNUSED_FUNCTION = YES;
				GCC_WARN_UNUSED_VARIABLE = YES;
				IPHONEOS_DEPLOYMENT_TARGET = 13.2;
				MTL_ENABLE_DEBUG_INFO = NO;
				MTL_FAST_MATH = YES;
				SDKROOT = iphoneos;
				SWIFT_COMPILATION_MODE = wholemodule;
				SWIFT_OPTIMIZATION_LEVEL = "-O";
				VALIDATE_PRODUCT = YES;
			};
			name = Release;
		};
		E2C473D923D77113002A7268 /* Debug */ = {
			isa = XCBuildConfiguration;
			buildSettings = {
				ASSETCATALOG_COMPILER_APPICON_NAME = AppIcon;
				CODE_SIGN_STYLE = Automatic;
				DEVELOPMENT_TEAM = V49QZ6458R;
				INFOPLIST_FILE = Colorful/Info.plist;
				LD_RUNPATH_SEARCH_PATHS = (
					"$(inherited)",
					"@executable_path/Frameworks",
				);
				PRODUCT_BUNDLE_IDENTIFIER = com.itskazborn.Colorful;
				PRODUCT_NAME = "$(TARGET_NAME)";
				SWIFT_VERSION = 5.0;
				TARGETED_DEVICE_FAMILY = "1,2";
			};
			name = Debug;
		};
		E2C473DA23D77113002A7268 /* Release */ = {
			isa = XCBuildConfiguration;
			buildSettings = {
				ASSETCATALOG_COMPILER_APPICON_NAME = AppIcon;
				CODE_SIGN_STYLE = Automatic;
				DEVELOPMENT_TEAM = V49QZ6458R;
				INFOPLIST_FILE = Colorful/Info.plist;
				LD_RUNPATH_SEARCH_PATHS = (
					"$(inherited)",
					"@executable_path/Frameworks",
				);
				PRODUCT_BUNDLE_IDENTIFIER = com.itskazborn.Colorful;
				PRODUCT_NAME = "$(TARGET_NAME)";
				SWIFT_VERSION = 5.0;
				TARGETED_DEVICE_FAMILY = "1,2";
			};
			name = Release;
		};
/* End XCBuildConfiguration section */

/* Begin XCConfigurationList section */
		E2C473BF23D77111002A7268 /* Build configuration list for PBXProject "Colorful" */ = {
			isa = XCConfigurationList;
			buildConfigurations = (
				E2C473D623D77113002A7268 /* Debug */,
				E2C473D723D77113002A7268 /* Release */,
			);
			defaultConfigurationIsVisible = 0;
			defaultConfigurationName = Release;
		};
		E2C473D823D77113002A7268 /* Build configuration list for PBXNativeTarget "Colorful" */ = {
			isa = XCConfigurationList;
			buildConfigurations = (
				E2C473D923D77113002A7268 /* Debug */,
				E2C473DA23D77113002A7268 /* Release */,
			);
			defaultConfigurationIsVisible = 0;
			defaultConfigurationName = Release;
		};
/* End XCConfigurationList section */
	};
	rootObject = E2C473BC23D77111002A7268 /* Project object */;
}
